// !$*UTF8*$!
{
	archiveVersion = 1;
	classes = {
	};
	objectVersion = 50;
	objects = {

/* Begin PBXBuildFile section */
		67D1077421AEEFF9002FCA7F /* AppDelegate.swift in Sources */ = {isa = PBXBuildFile; fileRef = 67D1077321AEEFF9002FCA7F /* AppDelegate.swift */; };
		67D1077621AEEFF9002FCA7F /* ViewController.swift in Sources */ = {isa = PBXBuildFile; fileRef = 67D1077521AEEFF9002FCA7F /* ViewController.swift */; };
		67D1077921AEEFF9002FCA7F /* Main.storyboard in Resources */ = {isa = PBXBuildFile; fileRef = 67D1077721AEEFF9002FCA7F /* Main.storyboard */; };
		67D1077B21AEEFFB002FCA7F /* Assets.xcassets in Resources */ = {isa = PBXBuildFile; fileRef = 67D1077A21AEEFFB002FCA7F /* Assets.xcassets */; };
		67D1077E21AEEFFB002FCA7F /* LaunchScreen.storyboard in Resources */ = {isa = PBXBuildFile; fileRef = 67D1077C21AEEFFB002FCA7F /* LaunchScreen.storyboard */; };
		67D1078921AEEFFB002FCA7F /* InstantTests.swift in Sources */ = {isa = PBXBuildFile; fileRef = 67D1078821AEEFFB002FCA7F /* InstantTests.swift */; };
		67D1079421AEEFFB002FCA7F /* InstantUITests.swift in Sources */ = {isa = PBXBuildFile; fileRef = 67D1079321AEEFFB002FCA7F /* InstantUITests.swift */; };
/* End PBXBuildFile section */

/* Begin PBXContainerItemProxy section */
		67D1078521AEEFFB002FCA7F /* PBXContainerItemProxy */ = {
			isa = PBXContainerItemProxy;
			containerPortal = 67D1076821AEEFF9002FCA7F /* Project object */;
			proxyType = 1;
			remoteGlobalIDString = 67D1076F21AEEFF9002FCA7F;
			remoteInfo = Instant;
		};
		67D1079021AEEFFB002FCA7F /* PBXContainerItemProxy */ = {
			isa = PBXContainerItemProxy;
			containerPortal = 67D1076821AEEFF9002FCA7F /* Project object */;
			proxyType = 1;
			remoteGlobalIDString = 67D1076F21AEEFF9002FCA7F;
			remoteInfo = Instant;
		};
/* End PBXContainerItemProxy section */

/* Begin PBXFileReference section */
		67D1077021AEEFF9002FCA7F /* Instant.app */ = {isa = PBXFileReference; explicitFileType = wrapper.application; includeInIndex = 0; path = Instant.app; sourceTree = BUILT_PRODUCTS_DIR; };
		67D1077321AEEFF9002FCA7F /* AppDelegate.swift */ = {isa = PBXFileReference; lastKnownFileType = sourcecode.swift; path = AppDelegate.swift; sourceTree = "<group>"; };
		67D1077521AEEFF9002FCA7F /* ViewController.swift */ = {isa = PBXFileReference; lastKnownFileType = sourcecode.swift; path = ViewController.swift; sourceTree = "<group>"; };
		67D1077821AEEFF9002FCA7F /* Base */ = {isa = PBXFileReference; lastKnownFileType = file.storyboard; name = Base; path = Base.lproj/Main.storyboard; sourceTree = "<group>"; };
		67D1077A21AEEFFB002FCA7F /* Assets.xcassets */ = {isa = PBXFileReference; lastKnownFileType = folder.assetcatalog; path = Assets.xcassets; sourceTree = "<group>"; };
		67D1077D21AEEFFB002FCA7F /* Base */ = {isa = PBXFileReference; lastKnownFileType = file.storyboard; name = Base; path = Base.lproj/LaunchScreen.storyboard; sourceTree = "<group>"; };
		67D1077F21AEEFFB002FCA7F /* Info.plist */ = {isa = PBXFileReference; lastKnownFileType = text.plist.xml; path = Info.plist; sourceTree = "<group>"; };
		67D1078421AEEFFB002FCA7F /* InstantTests.xctest */ = {isa = PBXFileReference; explicitFileType = wrapper.cfbundle; includeInIndex = 0; path = InstantTests.xctest; sourceTree = BUILT_PRODUCTS_DIR; };
		67D1078821AEEFFB002FCA7F /* InstantTests.swift */ = {isa = PBXFileReference; lastKnownFileType = sourcecode.swift; path = InstantTests.swift; sourceTree = "<group>"; };
		67D1078A21AEEFFB002FCA7F /* Info.plist */ = {isa = PBXFileReference; lastKnownFileType = text.plist.xml; path = Info.plist; sourceTree = "<group>"; };
		67D1078F21AEEFFB002FCA7F /* InstantUITests.xctest */ = {isa = PBXFileReference; explicitFileType = wrapper.cfbundle; includeInIndex = 0; path = InstantUITests.xctest; sourceTree = BUILT_PRODUCTS_DIR; };
		67D1079321AEEFFB002FCA7F /* InstantUITests.swift */ = {isa = PBXFileReference; lastKnownFileType = sourcecode.swift; path = InstantUITests.swift; sourceTree = "<group>"; };
		67D1079521AEEFFB002FCA7F /* Info.plist */ = {isa = PBXFileReference; lastKnownFileType = text.plist.xml; path = Info.plist; sourceTree = "<group>"; };
/* End PBXFileReference section */

/* Begin PBXFrameworksBuildPhase section */
		67D1076D21AEEFF9002FCA7F /* Frameworks */ = {
			isa = PBXFrameworksBuildPhase;
			buildActionMask = 2147483647;
			files = (
			);
			runOnlyForDeploymentPostprocessing = 0;
		};
		67D1078121AEEFFB002FCA7F /* Frameworks */ = {
			isa = PBXFrameworksBuildPhase;
			buildActionMask = 2147483647;
			files = (
			);
			runOnlyForDeploymentPostprocessing = 0;
		};
		67D1078C21AEEFFB002FCA7F /* Frameworks */ = {
			isa = PBXFrameworksBuildPhase;
			buildActionMask = 2147483647;
			files = (
			);
			runOnlyForDeploymentPostprocessing = 0;
		};
/* End PBXFrameworksBuildPhase section */

/* Begin PBXGroup section */
		67D1076721AEEFF9002FCA7F = {
			isa = PBXGroup;
			children = (
				67D1077221AEEFF9002FCA7F /* Instant */,
				67D1078721AEEFFB002FCA7F /* InstantTests */,
				67D1079221AEEFFB002FCA7F /* InstantUITests */,
				67D1077121AEEFF9002FCA7F /* Products */,
			);
			sourceTree = "<group>";
		};
		67D1077121AEEFF9002FCA7F /* Products */ = {
			isa = PBXGroup;
			children = (
				67D1077021AEEFF9002FCA7F /* Instant.app */,
				67D1078421AEEFFB002FCA7F /* InstantTests.xctest */,
				67D1078F21AEEFFB002FCA7F /* InstantUITests.xctest */,
			);
			name = Products;
			sourceTree = "<group>";
		};
		67D1077221AEEFF9002FCA7F /* Instant */ = {
			isa = PBXGroup;
			children = (
				67D1077321AEEFF9002FCA7F /* AppDelegate.swift */,
				67D1077521AEEFF9002FCA7F /* ViewController.swift */,
				67D1077721AEEFF9002FCA7F /* Main.storyboard */,
				67D1077A21AEEFFB002FCA7F /* Assets.xcassets */,
				67D1077C21AEEFFB002FCA7F /* LaunchScreen.storyboard */,
				67D1077F21AEEFFB002FCA7F /* Info.plist */,
			);
			path = Instant;
			sourceTree = "<group>";
		};
		67D1078721AEEFFB002FCA7F /* InstantTests */ = {
			isa = PBXGroup;
			children = (
				67D1078821AEEFFB002FCA7F /* InstantTests.swift */,
				67D1078A21AEEFFB002FCA7F /* Info.plist */,
			);
			path = InstantTests;
			sourceTree = "<group>";
		};
		67D1079221AEEFFB002FCA7F /* InstantUITests */ = {
			isa = PBXGroup;
			children = (
				67D1079321AEEFFB002FCA7F /* InstantUITests.swift */,
				67D1079521AEEFFB002FCA7F /* Info.plist */,
			);
			path = InstantUITests;
			sourceTree = "<group>";
		};
/* End PBXGroup section */

/* Begin PBXNativeTarget section */
		67D1076F21AEEFF9002FCA7F /* Instant */ = {
			isa = PBXNativeTarget;
			buildConfigurationList = 67D1079821AEEFFB002FCA7F /* Build configuration list for PBXNativeTarget "Instant" */;
			buildPhases = (
				67D1076C21AEEFF9002FCA7F /* Sources */,
				67D1076D21AEEFF9002FCA7F /* Frameworks */,
				67D1076E21AEEFF9002FCA7F /* Resources */,
			);
			buildRules = (
			);
			dependencies = (
			);
			name = Instant;
			productName = Instant;
			productReference = 67D1077021AEEFF9002FCA7F /* Instant.app */;
			productType = "com.apple.product-type.application";
		};
		67D1078321AEEFFB002FCA7F /* InstantTests */ = {
			isa = PBXNativeTarget;
			buildConfigurationList = 67D1079B21AEEFFB002FCA7F /* Build configuration list for PBXNativeTarget "InstantTests" */;
			buildPhases = (
				67D1078021AEEFFB002FCA7F /* Sources */,
				67D1078121AEEFFB002FCA7F /* Frameworks */,
				67D1078221AEEFFB002FCA7F /* Resources */,
			);
			buildRules = (
			);
			dependencies = (
				67D1078621AEEFFB002FCA7F /* PBXTargetDependency */,
			);
			name = InstantTests;
			productName = InstantTests;
			productReference = 67D1078421AEEFFB002FCA7F /* InstantTests.xctest */;
			productType = "com.apple.product-type.bundle.unit-test";
		};
		67D1078E21AEEFFB002FCA7F /* InstantUITests */ = {
			isa = PBXNativeTarget;
			buildConfigurationList = 67D1079E21AEEFFB002FCA7F /* Build configuration list for PBXNativeTarget "InstantUITests" */;
			buildPhases = (
				67D1078B21AEEFFB002FCA7F /* Sources */,
				67D1078C21AEEFFB002FCA7F /* Frameworks */,
				67D1078D21AEEFFB002FCA7F /* Resources */,
			);
			buildRules = (
			);
			dependencies = (
				67D1079121AEEFFB002FCA7F /* PBXTargetDependency */,
			);
			name = InstantUITests;
			productName = InstantUITests;
			productReference = 67D1078F21AEEFFB002FCA7F /* InstantUITests.xctest */;
			productType = "com.apple.product-type.bundle.ui-testing";
		};
/* End PBXNativeTarget section */

/* Begin PBXProject section */
		67D1076821AEEFF9002FCA7F /* Project object */ = {
			isa = PBXProject;
			attributes = {
				LastSwiftUpdateCheck = 1010;
				LastUpgradeCheck = 1010;
				ORGANIZATIONNAME = "Léonard Devincre";
				TargetAttributes = {
					67D1076F21AEEFF9002FCA7F = {
						CreatedOnToolsVersion = 10.1;
					};
					67D1078321AEEFFB002FCA7F = {
						CreatedOnToolsVersion = 10.1;
						TestTargetID = 67D1076F21AEEFF9002FCA7F;
					};
					67D1078E21AEEFFB002FCA7F = {
						CreatedOnToolsVersion = 10.1;
						TestTargetID = 67D1076F21AEEFF9002FCA7F;
					};
				};
			};
			buildConfigurationList = 67D1076B21AEEFF9002FCA7F /* Build configuration list for PBXProject "Instant" */;
			compatibilityVersion = "Xcode 9.3";
			developmentRegion = en;
			hasScannedForEncodings = 0;
			knownRegions = (
				en,
				Base,
			);
			mainGroup = 67D1076721AEEFF9002FCA7F;
			productRefGroup = 67D1077121AEEFF9002FCA7F /* Products */;
			projectDirPath = "";
			projectRoot = "";
			targets = (
				67D1076F21AEEFF9002FCA7F /* Instant */,
				67D1078321AEEFFB002FCA7F /* InstantTests */,
				67D1078E21AEEFFB002FCA7F /* InstantUITests */,
			);
		};
/* End PBXProject section */

/* Begin PBXResourcesBuildPhase section */
		67D1076E21AEEFF9002FCA7F /* Resources */ = {
			isa = PBXResourcesBuildPhase;
			buildActionMask = 2147483647;
			files = (
				67D1077E21AEEFFB002FCA7F /* LaunchScreen.storyboard in Resources */,
				67D1077B21AEEFFB002FCA7F /* Assets.xcassets in Resources */,
				67D1077921AEEFF9002FCA7F /* Main.storyboard in Resources */,
			);
			runOnlyForDeploymentPostprocessing = 0;
		};
		67D1078221AEEFFB002FCA7F /* Resources */ = {
			isa = PBXResourcesBuildPhase;
			buildActionMask = 2147483647;
			files = (
			);
			runOnlyForDeploymentPostprocessing = 0;
		};
		67D1078D21AEEFFB002FCA7F /* Resources */ = {
			isa = PBXResourcesBuildPhase;
			buildActionMask = 2147483647;
			files = (
			);
			runOnlyForDeploymentPostprocessing = 0;
		};
/* End PBXResourcesBuildPhase section */

/* Begin PBXSourcesBuildPhase section */
		67D1076C21AEEFF9002FCA7F /* Sources */ = {
			isa = PBXSourcesBuildPhase;
			buildActionMask = 2147483647;
			files = (
				67D1077621AEEFF9002FCA7F /* ViewController.swift in Sources */,
				67D1077421AEEFF9002FCA7F /* AppDelegate.swift in Sources */,
			);
			runOnlyForDeploymentPostprocessing = 0;
		};
		67D1078021AEEFFB002FCA7F /* Sources */ = {
			isa = PBXSourcesBuildPhase;
			buildActionMask = 2147483647;
			files = (
				67D1078921AEEFFB002FCA7F /* InstantTests.swift in Sources */,
			);
			runOnlyForDeploymentPostprocessing = 0;
		};
		67D1078B21AEEFFB002FCA7F /* Sources */ = {
			isa = PBXSourcesBuildPhase;
			buildActionMask = 2147483647;
			files = (
				67D1079421AEEFFB002FCA7F /* InstantUITests.swift in Sources */,
			);
			runOnlyForDeploymentPostprocessing = 0;
		};
/* End PBXSourcesBuildPhase section */

/* Begin PBXTargetDependency section */
		67D1078621AEEFFB002FCA7F /* PBXTargetDependency */ = {
			isa = PBXTargetDependency;
			target = 67D1076F21AEEFF9002FCA7F /* Instant */;
			targetProxy = 67D1078521AEEFFB002FCA7F /* PBXContainerItemProxy */;
		};
		67D1079121AEEFFB002FCA7F /* PBXTargetDependency */ = {
			isa = PBXTargetDependency;
			target = 67D1076F21AEEFF9002FCA7F /* Instant */;
			targetProxy = 67D1079021AEEFFB002FCA7F /* PBXContainerItemProxy */;
		};
/* End PBXTargetDependency section */

/* Begin PBXVariantGroup section */
		67D1077721AEEFF9002FCA7F /* Main.storyboard */ = {
			isa = PBXVariantGroup;
			children = (
				67D1077821AEEFF9002FCA7F /* Base */,
			);
			name = Main.storyboard;
			sourceTree = "<group>";
		};
		67D1077C21AEEFFB002FCA7F /* LaunchScreen.storyboard */ = {
			isa = PBXVariantGroup;
			children = (
				67D1077D21AEEFFB002FCA7F /* Base */,
			);
			name = LaunchScreen.storyboard;
			sourceTree = "<group>";
		};
/* End PBXVariantGroup section */

/* Begin XCBuildConfiguration section */
		67D1079621AEEFFB002FCA7F /* Debug */ = {
			isa = XCBuildConfiguration;
			buildSettings = {
				ALWAYS_SEARCH_USER_PATHS = NO;
				CLANG_ANALYZER_NONNULL = YES;
				CLANG_ANALYZER_NUMBER_OBJECT_CONVERSION = YES_AGGRESSIVE;
				CLANG_CXX_LANGUAGE_STANDARD = "gnu++14";
				CLANG_CXX_LIBRARY = "libc++";
				CLANG_ENABLE_MODULES = YES;
				CLANG_ENABLE_OBJC_ARC = YES;
				CLANG_ENABLE_OBJC_WEAK = YES;
				CLANG_WARN_BLOCK_CAPTURE_AUTORELEASING = YES;
				CLANG_WARN_BOOL_CONVERSION = YES;
				CLANG_WARN_COMMA = YES;
				CLANG_WARN_CONSTANT_CONVERSION = YES;
				CLANG_WARN_DEPRECATED_OBJC_IMPLEMENTATIONS = YES;
				CLANG_WARN_DIRECT_OBJC_ISA_USAGE = YES_ERROR;
				CLANG_WARN_DOCUMENTATION_COMMENTS = YES;
				CLANG_WARN_EMPTY_BODY = YES;
				CLANG_WARN_ENUM_CONVERSION = YES;
				CLANG_WARN_INFINITE_RECURSION = YES;
				CLANG_WARN_INT_CONVERSION = YES;
				CLANG_WARN_NON_LITERAL_NULL_CONVERSION = YES;
				CLANG_WARN_OBJC_IMPLICIT_RETAIN_SELF = YES;
				CLANG_WARN_OBJC_LITERAL_CONVERSION = YES;
				CLANG_WARN_OBJC_ROOT_CLASS = YES_ERROR;
				CLANG_WARN_RANGE_LOOP_ANALYSIS = YES;
				CLANG_WARN_STRICT_PROTOTYPES = YES;
				CLANG_WARN_SUSPICIOUS_MOVE = YES;
				CLANG_WARN_UNGUARDED_AVAILABILITY = YES_AGGRESSIVE;
				CLANG_WARN_UNREACHABLE_CODE = YES;
				CLANG_WARN__DUPLICATE_METHOD_MATCH = YES;
				CODE_SIGN_IDENTITY = "iPhone Developer";
				COPY_PHASE_STRIP = NO;
				DEBUG_INFORMATION_FORMAT = dwarf;
				ENABLE_STRICT_OBJC_MSGSEND = YES;
				ENABLE_TESTABILITY = YES;
				GCC_C_LANGUAGE_STANDARD = gnu11;
				GCC_DYNAMIC_NO_PIC = NO;
				GCC_NO_COMMON_BLOCKS = YES;
				GCC_OPTIMIZATION_LEVEL = 0;
				GCC_PREPROCESSOR_DEFINITIONS = (
					"DEBUG=1",
					"$(inherited)",
				);
				GCC_WARN_64_TO_32_BIT_CONVERSION = YES;
				GCC_WARN_ABOUT_RETURN_TYPE = YES_ERROR;
				GCC_WARN_UNDECLARED_SELECTOR = YES;
				GCC_WARN_UNINITIALIZED_AUTOS = YES_AGGRESSIVE;
				GCC_WARN_UNUSED_FUNCTION = YES;
				GCC_WARN_UNUSED_VARIABLE = YES;
				IPHONEOS_DEPLOYMENT_TARGET = 12.1;
				MTL_ENABLE_DEBUG_INFO = INCLUDE_SOURCE;
				MTL_FAST_MATH = YES;
				ONLY_ACTIVE_ARCH = YES;
				SDKROOT = iphoneos;
				SWIFT_ACTIVE_COMPILATION_CONDITIONS = DEBUG;
				SWIFT_OPTIMIZATION_LEVEL = "-Onone";
			};
			name = Debug;
		};
		67D1079721AEEFFB002FCA7F /* Release */ = {
			isa = XCBuildConfiguration;
			buildSettings = {
				ALWAYS_SEARCH_USER_PATHS = NO;
				CLANG_ANALYZER_NONNULL = YES;
				CLANG_ANALYZER_NUMBER_OBJECT_CONVERSION = YES_AGGRESSIVE;
				CLANG_CXX_LANGUAGE_STANDARD = "gnu++14";
				CLANG_CXX_LIBRARY = "libc++";
				CLANG_ENABLE_MODULES = YES;
				CLANG_ENABLE_OBJC_ARC = YES;
				CLANG_ENABLE_OBJC_WEAK = YES;
				CLANG_WARN_BLOCK_CAPTURE_AUTORELEASING = YES;
				CLANG_WARN_BOOL_CONVERSION = YES;
				CLANG_WARN_COMMA = YES;
				CLANG_WARN_CONSTANT_CONVERSION = YES;
				CLANG_WARN_DEPRECATED_OBJC_IMPLEMENTATIONS = YES;
				CLANG_WARN_DIRECT_OBJC_ISA_USAGE = YES_ERROR;
				CLANG_WARN_DOCUMENTATION_COMMENTS = YES;
				CLANG_WARN_EMPTY_BODY = YES;
				CLANG_WARN_ENUM_CONVERSION = YES;
				CLANG_WARN_INFINITE_RECURSION = YES;
				CLANG_WARN_INT_CONVERSION = YES;
				CLANG_WARN_NON_LITERAL_NULL_CONVERSION = YES;
				CLANG_WARN_OBJC_IMPLICIT_RETAIN_SELF = YES;
				CLANG_WARN_OBJC_LITERAL_CONVERSION = YES;
				CLANG_WARN_OBJC_ROOT_CLASS = YES_ERROR;
				CLANG_WARN_RANGE_LOOP_ANALYSIS = YES;
				CLANG_WARN_STRICT_PROTOTYPES = YES;
				CLANG_WARN_SUSPICIOUS_MOVE = YES;
				CLANG_WARN_UNGUARDED_AVAILABILITY = YES_AGGRESSIVE;
				CLANG_WARN_UNREACHABLE_CODE = YES;
				CLANG_WARN__DUPLICATE_METHOD_MATCH = YES;
				CODE_SIGN_IDENTITY = "iPhone Developer";
				COPY_PHASE_STRIP = NO;
				DEBUG_INFORMATION_FORMAT = "dwarf-with-dsym";
				ENABLE_NS_ASSERTIONS = NO;
				ENABLE_STRICT_OBJC_MSGSEND = YES;
				GCC_C_LANGUAGE_STANDARD = gnu11;
				GCC_NO_COMMON_BLOCKS = YES;
				GCC_WARN_64_TO_32_BIT_CONVERSION = YES;
				GCC_WARN_ABOUT_RETURN_TYPE = YES_ERROR;
				GCC_WARN_UNDECLARED_SELECTOR = YES;
				GCC_WARN_UNINITIALIZED_AUTOS = YES_AGGRESSIVE;
				GCC_WARN_UNUSED_FUNCTION = YES;
				GCC_WARN_UNUSED_VARIABLE = YES;
				IPHONEOS_DEPLOYMENT_TARGET = 12.1;
				MTL_ENABLE_DEBUG_INFO = NO;
				MTL_FAST_MATH = YES;
				SDKROOT = iphoneos;
				SWIFT_COMPILATION_MODE = wholemodule;
				SWIFT_OPTIMIZATION_LEVEL = "-O";
				VALIDATE_PRODUCT = YES;
			};
			name = Release;
		};
		67D1079921AEEFFB002FCA7F /* Debug */ = {
			isa = XCBuildConfiguration;
			buildSettings = {
				ASSETCATALOG_COMPILER_APPICON_NAME = AppIcon;
				CODE_SIGN_STYLE = Automatic;
				INFOPLIST_FILE = Instant/Info.plist;
				LD_RUNPATH_SEARCH_PATHS = (
					"$(inherited)",
					"@executable_path/Frameworks",
				);
				PRODUCT_BUNDLE_IDENTIFIER = com.leonardev.Instant;
				PRODUCT_NAME = "$(TARGET_NAME)";
				SWIFT_VERSION = 4.2;
				TARGETED_DEVICE_FAMILY = "1,2";
			};
			name = Debug;
		};
		67D1079A21AEEFFB002FCA7F /* Release */ = {
			isa = XCBuildConfiguration;
			buildSettings = {
				ASSETCATALOG_COMPILER_APPICON_NAME = AppIcon;
				CODE_SIGN_STYLE = Automatic;
				INFOPLIST_FILE = Instant/Info.plist;
				LD_RUNPATH_SEARCH_PATHS = (
					"$(inherited)",
					"@executable_path/Frameworks",
				);
				PRODUCT_BUNDLE_IDENTIFIER = com.leonardev.Instant;
				PRODUCT_NAME = "$(TARGET_NAME)";
				SWIFT_VERSION = 4.2;
				TARGETED_DEVICE_FAMILY = "1,2";
			};
			name = Release;
		};
		67D1079C21AEEFFB002FCA7F /* Debug */ = {
			isa = XCBuildConfiguration;
			buildSettings = {
				ALWAYS_EMBED_SWIFT_STANDARD_LIBRARIES = YES;
				BUNDLE_LOADER = "$(TEST_HOST)";
				CODE_SIGN_STYLE = Automatic;
				INFOPLIST_FILE = InstantTests/Info.plist;
				LD_RUNPATH_SEARCH_PATHS = (
					"$(inherited)",
					"@executable_path/Frameworks",
					"@loader_path/Frameworks",
				);
				PRODUCT_BUNDLE_IDENTIFIER = com.leonardev.InstantTests;
				PRODUCT_NAME = "$(TARGET_NAME)";
				SWIFT_VERSION = 4.2;
				TARGETED_DEVICE_FAMILY = "1,2";
				TEST_HOST = "$(BUILT_PRODUCTS_DIR)/Instant.app/Instant";
			};
			name = Debug;
		};
		67D1079D21AEEFFB002FCA7F /* Release */ = {
			isa = XCBuildConfiguration;
			buildSettings = {
				ALWAYS_EMBED_SWIFT_STANDARD_LIBRARIES = YES;
				BUNDLE_LOADER = "$(TEST_HOST)";
				CODE_SIGN_STYLE = Automatic;
				INFOPLIST_FILE = InstantTests/Info.plist;
				LD_RUNPATH_SEARCH_PATHS = (
					"$(inherited)",
					"@executable_path/Frameworks",
					"@loader_path/Frameworks",
				);
				PRODUCT_BUNDLE_IDENTIFIER = com.leonardev.InstantTests;
				PRODUCT_NAME = "$(TARGET_NAME)";
				SWIFT_VERSION = 4.2;
				TARGETED_DEVICE_FAMILY = "1,2";
				TEST_HOST = "$(BUILT_PRODUCTS_DIR)/Instant.app/Instant";
			};
			name = Release;
		};
		67D1079F21AEEFFB002FCA7F /* Debug */ = {
			isa = XCBuildConfiguration;
			buildSettings = {
				ALWAYS_EMBED_SWIFT_STANDARD_LIBRARIES = YES;
				CODE_SIGN_STYLE = Automatic;
				INFOPLIST_FILE = InstantUITests/Info.plist;
				LD_RUNPATH_SEARCH_PATHS = (
					"$(inherited)",
					"@executable_path/Frameworks",
					"@loader_path/Frameworks",
				);
				PRODUCT_BUNDLE_IDENTIFIER = com.leonardev.InstantUITests;
				PRODUCT_NAME = "$(TARGET_NAME)";
				SWIFT_VERSION = 4.2;
				TARGETED_DEVICE_FAMILY = "1,2";
				TEST_TARGET_NAME = Instant;
			};
			name = Debug;
		};
		67D107A021AEEFFB002FCA7F /* Release */ = {
			isa = XCBuildConfiguration;
			buildSettings = {
				ALWAYS_EMBED_SWIFT_STANDARD_LIBRARIES = YES;
				CODE_SIGN_STYLE = Automatic;
				INFOPLIST_FILE = InstantUITests/Info.plist;
				LD_RUNPATH_SEARCH_PATHS = (
					"$(inherited)",
					"@executable_path/Frameworks",
					"@loader_path/Frameworks",
				);
				PRODUCT_BUNDLE_IDENTIFIER = com.leonardev.InstantUITests;
				PRODUCT_NAME = "$(TARGET_NAME)";
				SWIFT_VERSION = 4.2;
				TARGETED_DEVICE_FAMILY = "1,2";
				TEST_TARGET_NAME = Instant;
			};
			name = Release;
		};
/* End XCBuildConfiguration section */

/* Begin XCConfigurationList section */
		67D1076B21AEEFF9002FCA7F /* Build configuration list for PBXProject "Instant" */ = {
			isa = XCConfigurationList;
			buildConfigurations = (
				67D1079621AEEFFB002FCA7F /* Debug */,
				67D1079721AEEFFB002FCA7F /* Release */,
			);
			defaultConfigurationIsVisible = 0;
			defaultConfigurationName = Release;
		};
		67D1079821AEEFFB002FCA7F /* Build configuration list for PBXNativeTarget "Instant" */ = {
			isa = XCConfigurationList;
			buildConfigurations = (
				67D1079921AEEFFB002FCA7F /* Debug */,
				67D1079A21AEEFFB002FCA7F /* Release */,
			);
			defaultConfigurationIsVisible = 0;
			defaultConfigurationName = Release;
		};
		67D1079B21AEEFFB002FCA7F /* Build configuration list for PBXNativeTarget "InstantTests" */ = {
			isa = XCConfigurationList;
			buildConfigurations = (
				67D1079C21AEEFFB002FCA7F /* Debug */,
				67D1079D21AEEFFB002FCA7F /* Release */,
			);
			defaultConfigurationIsVisible = 0;
			defaultConfigurationName = Release;
		};
		67D1079E21AEEFFB002FCA7F /* Build configuration list for PBXNativeTarget "InstantUITests" */ = {
			isa = XCConfigurationList;
			buildConfigurations = (
				67D1079F21AEEFFB002FCA7F /* Debug */,
				67D107A021AEEFFB002FCA7F /* Release */,
			);
			defaultConfigurationIsVisible = 0;
			defaultConfigurationName = Release;
		};
/* End XCConfigurationList section */
	};
	rootObject = 67D1076821AEEFF9002FCA7F /* Project object */;
}
